
Microsoft Visual Studio Solution File, Format Version 12.00
# Visual Studio 15
VisualStudioVersion = 15.0.27703.2047
MinimumVisualStudioVersion = 10.0.40219.1
Project("{FAE04EC0-301F-11D3-BF4B-00C04F79EFBC}") = "CouncilEvent", "CouncilEvent\CouncilEvent.csproj", "{4CC161BA-A73A-4D69-9959-50C03A67ECA5}"
EndProject
Project("{FAE04EC0-301F-11D3-BF4B-00C04F79EFBC}") = "Score", "Score\Score.csproj", "{C763E263-0E81-4CCA-88AD-8D9B9D497B3A}"
EndProject
Global
	GlobalSection(SolutionConfigurationPlatforms) = preSolution
		Debug|Any CPU = Debug|Any CPU
		Release|Any CPU = Release|Any CPU
	EndGlobalSection
	GlobalSection(ProjectConfigurationPlatforms) = postSolution
		{4CC161BA-A73A-4D69-9959-50C03A67ECA5}.Debug|Any CPU.ActiveCfg = Debug|Any CPU
		{4CC161BA-A73A-4D69-9959-50C03A67ECA5}.Debug|Any CPU.Build.0 = Debug|Any CPU
		{4CC161BA-A73A-4D69-9959-50C03A67ECA5}.Release|Any CPU.ActiveCfg = Release|Any CPU
		{4CC161BA-A73A-4D69-9959-50C03A67ECA5}.Release|Any CPU.Build.0 = Release|Any CPU
		{C763E263-0E81-4CCA-88AD-8D9B9D497B3A}.Debug|Any CPU.ActiveCfg = Debug|Any CPU
		{C763E263-0E81-4CCA-88AD-8D9B9D497B3A}.Debug|Any CPU.Build.0 = Debug|Any CPU
		{C763E263-0E81-4CCA-88AD-8D9B9D497B3A}.Release|Any CPU.ActiveCfg = Release|Any CPU
		{C763E263-0E81-4CCA-88AD-8D9B9D497B3A}.Release|Any CPU.Build.0 = Release|Any CPU
	EndGlobalSection
	GlobalSection(SolutionProperties) = preSolution
		HideSolutionNode = FALSE
	EndGlobalSection
	GlobalSection(ExtensibilityGlobals) = postSolution
		SolutionGuid = {DCEF5B9A-A4A2-4ED4-A842-D530BAD7DFE1}
	EndGlobalSection
EndGlobal
